// !$*UTF8*$!
{
	archiveVersion = 1;
	classes = {
	};
	objectVersion = 55;
	objects = {

/* Begin PBXBuildFile section */
		BDC9259C28C1FAF900AB32C9 /* OTUS_HW01App.swift in Sources */ = {isa = PBXBuildFile; fileRef = BDC9259B28C1FAF900AB32C9 /* OTUS_HW01App.swift */; };
		BDC9259E28C1FAF900AB32C9 /* ContentView.swift in Sources */ = {isa = PBXBuildFile; fileRef = BDC9259D28C1FAF900AB32C9 /* ContentView.swift */; };
		BDC925A028C1FAFA00AB32C9 /* Assets.xcassets in Resources */ = {isa = PBXBuildFile; fileRef = BDC9259F28C1FAFA00AB32C9 /* Assets.xcassets */; };
		BDC925A328C1FAFA00AB32C9 /* Preview Assets.xcassets in Resources */ = {isa = PBXBuildFile; fileRef = BDC925A228C1FAFA00AB32C9 /* Preview Assets.xcassets */; };
		BDC925AA28C1FBC300AB32C9 /* ProfileScreen.swift in Sources */ = {isa = PBXBuildFile; fileRef = BDC925A928C1FBC300AB32C9 /* ProfileScreen.swift */; };
		BDC925AC28C1FBE200AB32C9 /* DashboardScreen.swift in Sources */ = {isa = PBXBuildFile; fileRef = BDC925AB28C1FBE200AB32C9 /* DashboardScreen.swift */; };
		BDC925AF28C202A700AB32C9 /* MusicalInstruments.swift in Sources */ = {isa = PBXBuildFile; fileRef = BDC925AE28C202A700AB32C9 /* MusicalInstruments.swift */; };
		BDC925B228C2039F00AB32C9 /* InstrumentsListViewModel.swift in Sources */ = {isa = PBXBuildFile; fileRef = BDC925B128C2039F00AB32C9 /* InstrumentsListViewModel.swift */; };
		BDC925B428C2058500AB32C9 /* InstrumentsListView.swift in Sources */ = {isa = PBXBuildFile; fileRef = BDC925B328C2058500AB32C9 /* InstrumentsListView.swift */; };
		BDC925B628C205FA00AB32C9 /* InstrumentFilterView.swift in Sources */ = {isa = PBXBuildFile; fileRef = BDC925B528C205FA00AB32C9 /* InstrumentFilterView.swift */; };
		BDC925B828C207AA00AB32C9 /* InstrumentScreen.swift in Sources */ = {isa = PBXBuildFile; fileRef = BDC925B728C207AA00AB32C9 /* InstrumentScreen.swift */; };
		BDC925BA28C223CC00AB32C9 /* ModalScreen.swift in Sources */ = {isa = PBXBuildFile; fileRef = BDC925B928C223CC00AB32C9 /* ModalScreen.swift */; };
		BDC925BC28C22AAE00AB32C9 /* UITextFieldViewRepresentable.swift in Sources */ = {isa = PBXBuildFile; fileRef = BDC925BB28C22AAE00AB32C9 /* UITextFieldViewRepresentable.swift */; };
/* End PBXBuildFile section */

/* Begin PBXFileReference section */
		BDC9259828C1FAF900AB32C9 /* OTUS_HW01.app */ = {isa = PBXFileReference; explicitFileType = wrapper.application; includeInIndex = 0; path = OTUS_HW01.app; sourceTree = BUILT_PRODUCTS_DIR; };
		BDC9259B28C1FAF900AB32C9 /* OTUS_HW01App.swift */ = {isa = PBXFileReference; lastKnownFileType = sourcecode.swift; path = OTUS_HW01App.swift; sourceTree = "<group>"; };
		BDC9259D28C1FAF900AB32C9 /* ContentView.swift */ = {isa = PBXFileReference; lastKnownFileType = sourcecode.swift; path = ContentView.swift; sourceTree = "<group>"; };
		BDC9259F28C1FAFA00AB32C9 /* Assets.xcassets */ = {isa = PBXFileReference; lastKnownFileType = folder.assetcatalog; path = Assets.xcassets; sourceTree = "<group>"; };
		BDC925A228C1FAFA00AB32C9 /* Preview Assets.xcassets */ = {isa = PBXFileReference; lastKnownFileType = folder.assetcatalog; path = "Preview Assets.xcassets"; sourceTree = "<group>"; };
		BDC925A928C1FBC300AB32C9 /* ProfileScreen.swift */ = {isa = PBXFileReference; lastKnownFileType = sourcecode.swift; path = ProfileScreen.swift; sourceTree = "<group>"; };
		BDC925AB28C1FBE200AB32C9 /* DashboardScreen.swift */ = {isa = PBXFileReference; lastKnownFileType = sourcecode.swift; path = DashboardScreen.swift; sourceTree = "<group>"; };
		BDC925AE28C202A700AB32C9 /* MusicalInstruments.swift */ = {isa = PBXFileReference; lastKnownFileType = sourcecode.swift; path = MusicalInstruments.swift; sourceTree = "<group>"; };
		BDC925B128C2039F00AB32C9 /* InstrumentsListViewModel.swift */ = {isa = PBXFileReference; lastKnownFileType = sourcecode.swift; path = InstrumentsListViewModel.swift; sourceTree = "<group>"; };
		BDC925B328C2058500AB32C9 /* InstrumentsListView.swift */ = {isa = PBXFileReference; lastKnownFileType = sourcecode.swift; path = InstrumentsListView.swift; sourceTree = "<group>"; };
		BDC925B528C205FA00AB32C9 /* InstrumentFilterView.swift */ = {isa = PBXFileReference; lastKnownFileType = sourcecode.swift; path = InstrumentFilterView.swift; sourceTree = "<group>"; };
		BDC925B728C207AA00AB32C9 /* InstrumentScreen.swift */ = {isa = PBXFileReference; lastKnownFileType = sourcecode.swift; path = InstrumentScreen.swift; sourceTree = "<group>"; };
		BDC925B928C223CC00AB32C9 /* ModalScreen.swift */ = {isa = PBXFileReference; lastKnownFileType = sourcecode.swift; path = ModalScreen.swift; sourceTree = "<group>"; };
		BDC925BB28C22AAE00AB32C9 /* UITextFieldViewRepresentable.swift */ = {isa = PBXFileReference; lastKnownFileType = sourcecode.swift; path = UITextFieldViewRepresentable.swift; sourceTree = "<group>"; };
/* End PBXFileReference section */

/* Begin PBXFrameworksBuildPhase section */
		BDC9259528C1FAF900AB32C9 /* Frameworks */ = {
			isa = PBXFrameworksBuildPhase;
			buildActionMask = 2147483647;
			files = (
			);
			runOnlyForDeploymentPostprocessing = 0;
		};
/* End PBXFrameworksBuildPhase section */

/* Begin PBXGroup section */
		BDC9258F28C1FAF900AB32C9 = {
			isa = PBXGroup;
			children = (
				BDC9259A28C1FAF900AB32C9 /* OTUS_HW01 */,
				BDC9259928C1FAF900AB32C9 /* Products */,
			);
			sourceTree = "<group>";
		};
		BDC9259928C1FAF900AB32C9 /* Products */ = {
			isa = PBXGroup;
			children = (
				BDC9259828C1FAF900AB32C9 /* OTUS_HW01.app */,
			);
			name = Products;
			sourceTree = "<group>";
		};
		BDC9259A28C1FAF900AB32C9 /* OTUS_HW01 */ = {
			isa = PBXGroup;
			children = (
				BDC925C228C2381400AB32C9 /* Application */,
				BDC925AD28C2025D00AB32C9 /* Model */,
				BDC925C328C2382100AB32C9 /* Views */,
				BDC925B028C2033500AB32C9 /* ViewModel */,
				BDC925C028C237D500AB32C9 /* Screens */,
				BDC925C128C237F200AB32C9 /* UIKit */,
				BDC9259F28C1FAFA00AB32C9 /* Assets.xcassets */,
				BDC925A128C1FAFA00AB32C9 /* Preview Content */,
			);
			path = OTUS_HW01;
			sourceTree = "<group>";
		};
		BDC925A128C1FAFA00AB32C9 /* Preview Content */ = {
			isa = PBXGroup;
			children = (
				BDC925A228C1FAFA00AB32C9 /* Preview Assets.xcassets */,
			);
			path = "Preview Content";
			sourceTree = "<group>";
		};
		BDC925AD28C2025D00AB32C9 /* Model */ = {
			isa = PBXGroup;
			children = (
				BDC925AE28C202A700AB32C9 /* MusicalInstruments.swift */,
			);
			path = Model;
			sourceTree = "<group>";
		};
		BDC925B028C2033500AB32C9 /* ViewModel */ = {
			isa = PBXGroup;
			children = (
				BDC925B128C2039F00AB32C9 /* InstrumentsListViewModel.swift */,
			);
			path = ViewModel;
			sourceTree = "<group>";
		};
		BDC925C028C237D500AB32C9 /* Screens */ = {
			isa = PBXGroup;
			children = (
				BDC925A928C1FBC300AB32C9 /* ProfileScreen.swift */,
				BDC925AB28C1FBE200AB32C9 /* DashboardScreen.swift */,
				BDC925B728C207AA00AB32C9 /* InstrumentScreen.swift */,
				BDC925B928C223CC00AB32C9 /* ModalScreen.swift */,
			);
			path = Screens;
			sourceTree = "<group>";
		};
		BDC925C128C237F200AB32C9 /* UIKit */ = {
			isa = PBXGroup;
			children = (
				BDC925BB28C22AAE00AB32C9 /* UITextFieldViewRepresentable.swift */,
			);
			path = UIKit;
			sourceTree = "<group>";
		};
		BDC925C228C2381400AB32C9 /* Application */ = {
			isa = PBXGroup;
			children = (
				BDC9259B28C1FAF900AB32C9 /* OTUS_HW01App.swift */,
			);
			path = Application;
			sourceTree = "<group>";
		};
		BDC925C328C2382100AB32C9 /* Views */ = {
			isa = PBXGroup;
			children = (
				BDC9259D28C1FAF900AB32C9 /* ContentView.swift */,
				BDC925B328C2058500AB32C9 /* InstrumentsListView.swift */,
				BDC925B528C205FA00AB32C9 /* InstrumentFilterView.swift */,
			);
			path = Views;
			sourceTree = "<group>";
		};
/* End PBXGroup section */

/* Begin PBXNativeTarget section */
		BDC9259728C1FAF900AB32C9 /* OTUS_HW01 */ = {
			isa = PBXNativeTarget;
			buildConfigurationList = BDC925A628C1FAFA00AB32C9 /* Build configuration list for PBXNativeTarget "OTUS_HW01" */;
			buildPhases = (
				BDC9259428C1FAF900AB32C9 /* Sources */,
				BDC9259528C1FAF900AB32C9 /* Frameworks */,
				BDC9259628C1FAF900AB32C9 /* Resources */,
			);
			buildRules = (
			);
			dependencies = (
			);
			name = OTUS_HW01;
			productName = OTUS_HW01;
			productReference = BDC9259828C1FAF900AB32C9 /* OTUS_HW01.app */;
			productType = "com.apple.product-type.application";
		};
/* End PBXNativeTarget section */

/* Begin PBXProject section */
		BDC9259028C1FAF900AB32C9 /* Project object */ = {
			isa = PBXProject;
			attributes = {
				BuildIndependentTargetsInParallel = 1;
				LastSwiftUpdateCheck = 1320;
				LastUpgradeCheck = 1320;
				TargetAttributes = {
					BDC9259728C1FAF900AB32C9 = {
						CreatedOnToolsVersion = 13.2.1;
					};
				};
			};
			buildConfigurationList = BDC9259328C1FAF900AB32C9 /* Build configuration list for PBXProject "OTUS_HW01" */;
			compatibilityVersion = "Xcode 13.0";
			developmentRegion = en;
			hasScannedForEncodings = 0;
			knownRegions = (
				en,
				Base,
			);
			mainGroup = BDC9258F28C1FAF900AB32C9;
			productRefGroup = BDC9259928C1FAF900AB32C9 /* Products */;
			projectDirPath = "";
			projectRoot = "";
			targets = (
				BDC9259728C1FAF900AB32C9 /* OTUS_HW01 */,
			);
		};
/* End PBXProject section */

/* Begin PBXResourcesBuildPhase section */
		BDC9259628C1FAF900AB32C9 /* Resources */ = {
			isa = PBXResourcesBuildPhase;
			buildActionMask = 2147483647;
			files = (
				BDC925A328C1FAFA00AB32C9 /* Preview Assets.xcassets in Resources */,
				BDC925A028C1FAFA00AB32C9 /* Assets.xcassets in Resources */,
			);
			runOnlyForDeploymentPostprocessing = 0;
		};
/* End PBXResourcesBuildPhase section */

/* Begin PBXSourcesBuildPhase section */
		BDC9259428C1FAF900AB32C9 /* Sources */ = {
			isa = PBXSourcesBuildPhase;
			buildActionMask = 2147483647;
			files = (
				BDC925AC28C1FBE200AB32C9 /* DashboardScreen.swift in Sources */,
				BDC925BA28C223CC00AB32C9 /* ModalScreen.swift in Sources */,
				BDC925B228C2039F00AB32C9 /* InstrumentsListViewModel.swift in Sources */,
				BDC9259E28C1FAF900AB32C9 /* ContentView.swift in Sources */,
				BDC925BC28C22AAE00AB32C9 /* UITextFieldViewRepresentable.swift in Sources */,
				BDC925AA28C1FBC300AB32C9 /* ProfileScreen.swift in Sources */,
				BDC925B828C207AA00AB32C9 /* InstrumentScreen.swift in Sources */,
				BDC9259C28C1FAF900AB32C9 /* OTUS_HW01App.swift in Sources */,
				BDC925AF28C202A700AB32C9 /* MusicalInstruments.swift in Sources */,
				BDC925B428C2058500AB32C9 /* InstrumentsListView.swift in Sources */,
				BDC925B628C205FA00AB32C9 /* InstrumentFilterView.swift in Sources */,
			);
			runOnlyForDeploymentPostprocessing = 0;
		};
/* End PBXSourcesBuildPhase section */

/* Begin XCBuildConfiguration section */
		BDC925A428C1FAFA00AB32C9 /* Debug */ = {
			isa = XCBuildConfiguration;
			buildSettings = {
				ALWAYS_SEARCH_USER_PATHS = NO;
				CLANG_ANALYZER_NONNULL = YES;
				CLANG_ANALYZER_NUMBER_OBJECT_CONVERSION = YES_AGGRESSIVE;
				CLANG_CXX_LANGUAGE_STANDARD = "gnu++17";
				CLANG_CXX_LIBRARY = "libc++";
				CLANG_ENABLE_MODULES = YES;
				CLANG_ENABLE_OBJC_ARC = YES;
				CLANG_ENABLE_OBJC_WEAK = YES;
				CLANG_WARN_BLOCK_CAPTURE_AUTORELEASING = YES;
				CLANG_WARN_BOOL_CONVERSION = YES;
				CLANG_WARN_COMMA = YES;
				CLANG_WARN_CONSTANT_CONVERSION = YES;
				CLANG_WARN_DEPRECATED_OBJC_IMPLEMENTATIONS = YES;
				CLANG_WARN_DIRECT_OBJC_ISA_USAGE = YES_ERROR;
				CLANG_WARN_DOCUMENTATION_COMMENTS = YES;
				CLANG_WARN_EMPTY_BODY = YES;
				CLANG_WARN_ENUM_CONVERSION = YES;
				CLANG_WARN_INFINITE_RECURSION = YES;
				CLANG_WARN_INT_CONVERSION = YES;
				CLANG_WARN_NON_LITERAL_NULL_CONVERSION = YES;
				CLANG_WARN_OBJC_IMPLICIT_RETAIN_SELF = YES;
				CLANG_WARN_OBJC_LITERAL_CONVERSION = YES;
				CLANG_WARN_OBJC_ROOT_CLASS = YES_ERROR;
				CLANG_WARN_QUOTED_INCLUDE_IN_FRAMEWORK_HEADER = YES;
				CLANG_WARN_RANGE_LOOP_ANALYSIS = YES;
				CLANG_WARN_STRICT_PROTOTYPES = YES;
				CLANG_WARN_SUSPICIOUS_MOVE = YES;
				CLANG_WARN_UNGUARDED_AVAILABILITY = YES_AGGRESSIVE;
				CLANG_WARN_UNREACHABLE_CODE = YES;
				CLANG_WARN__DUPLICATE_METHOD_MATCH = YES;
				COPY_PHASE_STRIP = NO;
				DEBUG_INFORMATION_FORMAT = dwarf;
				ENABLE_STRICT_OBJC_MSGSEND = YES;
				ENABLE_TESTABILITY = YES;
				GCC_C_LANGUAGE_STANDARD = gnu11;
				GCC_DYNAMIC_NO_PIC = NO;
				GCC_NO_COMMON_BLOCKS = YES;
				GCC_OPTIMIZATION_LEVEL = 0;
				GCC_PREPROCESSOR_DEFINITIONS = (
					"DEBUG=1",
					"$(inherited)",
				);
				GCC_WARN_64_TO_32_BIT_CONVERSION = YES;
				GCC_WARN_ABOUT_RETURN_TYPE = YES_ERROR;
				GCC_WARN_UNDECLARED_SELECTOR = YES;
				GCC_WARN_UNINITIALIZED_AUTOS = YES_AGGRESSIVE;
				GCC_WARN_UNUSED_FUNCTION = YES;
				GCC_WARN_UNUSED_VARIABLE = YES;
				IPHONEOS_DEPLOYMENT_TARGET = 15.2;
				MTL_ENABLE_DEBUG_INFO = INCLUDE_SOURCE;
				MTL_FAST_MATH = YES;
				ONLY_ACTIVE_ARCH = YES;
				SDKROOT = iphoneos;
				SWIFT_ACTIVE_COMPILATION_CONDITIONS = DEBUG;
				SWIFT_OPTIMIZATION_LEVEL = "-Onone";
			};
			name = Debug;
		};
		BDC925A528C1FAFA00AB32C9 /* Release */ = {
			isa = XCBuildConfiguration;
			buildSettings = {
				ALWAYS_SEARCH_USER_PATHS = NO;
				CLANG_ANALYZER_NONNULL = YES;
				CLANG_ANALYZER_NUMBER_OBJECT_CONVERSION = YES_AGGRESSIVE;
				CLANG_CXX_LANGUAGE_STANDARD = "gnu++17";
				CLANG_CXX_LIBRARY = "libc++";
				CLANG_ENABLE_MODULES = YES;
				CLANG_ENABLE_OBJC_ARC = YES;
				CLANG_ENABLE_OBJC_WEAK = YES;
				CLANG_WARN_BLOCK_CAPTURE_AUTORELEASING = YES;
				CLANG_WARN_BOOL_CONVERSION = YES;
				CLANG_WARN_COMMA = YES;
				CLANG_WARN_CONSTANT_CONVERSION = YES;
				CLANG_WARN_DEPRECATED_OBJC_IMPLEMENTATIONS = YES;
				CLANG_WARN_DIRECT_OBJC_ISA_USAGE = YES_ERROR;
				CLANG_WARN_DOCUMENTATION_COMMENTS = YES;
				CLANG_WARN_EMPTY_BODY = YES;
				CLANG_WARN_ENUM_CONVERSION = YES;
				CLANG_WARN_INFINITE_RECURSION = YES;
				CLANG_WARN_INT_CONVERSION = YES;
				CLANG_WARN_NON_LITERAL_NULL_CONVERSION = YES;
				CLANG_WARN_OBJC_IMPLICIT_RETAIN_SELF = YES;
				CLANG_WARN_OBJC_LITERAL_CONVERSION = YES;
				CLANG_WARN_OBJC_ROOT_CLASS = YES_ERROR;
				CLANG_WARN_QUOTED_INCLUDE_IN_FRAMEWORK_HEADER = YES;
				CLANG_WARN_RANGE_LOOP_ANALYSIS = YES;
				CLANG_WARN_STRICT_PROTOTYPES = YES;
				CLANG_WARN_SUSPICIOUS_MOVE = YES;
				CLANG_WARN_UNGUARDED_AVAILABILITY = YES_AGGRESSIVE;
				CLANG_WARN_UNREACHABLE_CODE = YES;
				CLANG_WARN__DUPLICATE_METHOD_MATCH = YES;
				COPY_PHASE_STRIP = NO;
				DEBUG_INFORMATION_FORMAT = "dwarf-with-dsym";
				ENABLE_NS_ASSERTIONS = NO;
				ENABLE_STRICT_OBJC_MSGSEND = YES;
				GCC_C_LANGUAGE_STANDARD = gnu11;
				GCC_NO_COMMON_BLOCKS = YES;
				GCC_WARN_64_TO_32_BIT_CONVERSION = YES;
				GCC_WARN_ABOUT_RETURN_TYPE = YES_ERROR;
				GCC_WARN_UNDECLARED_SELECTOR = YES;
				GCC_WARN_UNINITIALIZED_AUTOS = YES_AGGRESSIVE;
				GCC_WARN_UNUSED_FUNCTION = YES;
				GCC_WARN_UNUSED_VARIABLE = YES;
				IPHONEOS_DEPLOYMENT_TARGET = 15.2;
				MTL_ENABLE_DEBUG_INFO = NO;
				MTL_FAST_MATH = YES;
				SDKROOT = iphoneos;
				SWIFT_COMPILATION_MODE = wholemodule;
				SWIFT_OPTIMIZATION_LEVEL = "-O";
				VALIDATE_PRODUCT = YES;
			};
			name = Release;
		};
		BDC925A728C1FAFA00AB32C9 /* Debug */ = {
			isa = XCBuildConfiguration;
			buildSettings = {
				ASSETCATALOG_COMPILER_APPICON_NAME = AppIcon;
				ASSETCATALOG_COMPILER_GLOBAL_ACCENT_COLOR_NAME = AccentColor;
				CODE_SIGN_STYLE = Automatic;
				CURRENT_PROJECT_VERSION = 1;
				DEVELOPMENT_ASSET_PATHS = "\"OTUS_HW01/Preview Content\"";
				DEVELOPMENT_TEAM = 2H2TF9RPVD;
				ENABLE_PREVIEWS = YES;
				GENERATE_INFOPLIST_FILE = YES;
				INFOPLIST_KEY_UIApplicationSceneManifest_Generation = YES;
				INFOPLIST_KEY_UIApplicationSupportsIndirectInputEvents = YES;
				INFOPLIST_KEY_UILaunchScreen_Generation = YES;
				INFOPLIST_KEY_UISupportedInterfaceOrientations_iPad = "UIInterfaceOrientationPortrait UIInterfaceOrientationPortraitUpsideDown UIInterfaceOrientationLandscapeLeft UIInterfaceOrientationLandscapeRight";
				INFOPLIST_KEY_UISupportedInterfaceOrientations_iPhone = "UIInterfaceOrientationPortrait UIInterfaceOrientationLandscapeLeft UIInterfaceOrientationLandscapeRight";
				LD_RUNPATH_SEARCH_PATHS = (
					"$(inherited)",
					"@executable_path/Frameworks",
				);
				MARKETING_VERSION = 1.0;
				PRODUCT_BUNDLE_IDENTIFIER = "com.kasianov.OTUS-HW01";
				PRODUCT_NAME = "$(TARGET_NAME)";
				SWIFT_EMIT_LOC_STRINGS = YES;
				SWIFT_VERSION = 5.0;
				TARGETED_DEVICE_FAMILY = "1,2";
			};
			name = Debug;
		};
		BDC925A828C1FAFA00AB32C9 /* Release */ = {
			isa = XCBuildConfiguration;
			buildSettings = {
				ASSETCATALOG_COMPILER_APPICON_NAME = AppIcon;
				ASSETCATALOG_COMPILER_GLOBAL_ACCENT_COLOR_NAME = AccentColor;
				CODE_SIGN_STYLE = Automatic;
				CURRENT_PROJECT_VERSION = 1;
				DEVELOPMENT_ASSET_PATHS = "\"OTUS_HW01/Preview Content\"";
				DEVELOPMENT_TEAM = 2H2TF9RPVD;
				ENABLE_PREVIEWS = YES;
				GENERATE_INFOPLIST_FILE = YES;
				INFOPLIST_KEY_UIApplicationSceneManifest_Generation = YES;
				INFOPLIST_KEY_UIApplicationSupportsIndirectInputEvents = YES;
				INFOPLIST_KEY_UILaunchScreen_Generation = YES;
				INFOPLIST_KEY_UISupportedInterfaceOrientations_iPad = "UIInterfaceOrientationPortrait UIInterfaceOrientationPortraitUpsideDown UIInterfaceOrientationLandscapeLeft UIInterfaceOrientationLandscapeRight";
				INFOPLIST_KEY_UISupportedInterfaceOrientations_iPhone = "UIInterfaceOrientationPortrait UIInterfaceOrientationLandscapeLeft UIInterfaceOrientationLandscapeRight";
				LD_RUNPATH_SEARCH_PATHS = (
					"$(inherited)",
					"@executable_path/Frameworks",
				);
				MARKETING_VERSION = 1.0;
				PRODUCT_BUNDLE_IDENTIFIER = "com.kasianov.OTUS-HW01";
				PRODUCT_NAME = "$(TARGET_NAME)";
				SWIFT_EMIT_LOC_STRINGS = YES;
				SWIFT_VERSION = 5.0;
				TARGETED_DEVICE_FAMILY = "1,2";
			};
			name = Release;
		};
/* End XCBuildConfiguration section */

/* Begin XCConfigurationList section */
		BDC9259328C1FAF900AB32C9 /* Build configuration list for PBXProject "OTUS_HW01" */ = {
			isa = XCConfigurationList;
			buildConfigurations = (
				BDC925A428C1FAFA00AB32C9 /* Debug */,
				BDC925A528C1FAFA00AB32C9 /* Release */,
			);
			defaultConfigurationIsVisible = 0;
			defaultConfigurationName = Release;
		};
		BDC925A628C1FAFA00AB32C9 /* Build configuration list for PBXNativeTarget "OTUS_HW01" */ = {
			isa = XCConfigurationList;
			buildConfigurations = (
				BDC925A728C1FAFA00AB32C9 /* Debug */,
				BDC925A828C1FAFA00AB32C9 /* Release */,
			);
			defaultConfigurationIsVisible = 0;
			defaultConfigurationName = Release;
		};
/* End XCConfigurationList section */
	};
	rootObject = BDC9259028C1FAF900AB32C9 /* Project object */;
}
